
Microsoft Visual Studio Solution File, Format Version 12.00
# Visual Studio Express 2012 for Windows Desktop
Project("{FAE04EC0-301F-11D3-BF4B-00C04F79EFBC}") = "Arduino Servo Cont. v2", "Arduino Servo Cont. v2\Arduino Servo Cont. v2.csproj", "{7029B961-49FF-4140-B7CD-0569536D9C0F}"
EndProject
Global
	GlobalSection(SolutionConfigurationPlatforms) = preSolution
		Debug|Any CPU = Debug|Any CPU
		Release|Any CPU = Release|Any CPU
	EndGlobalSection
	GlobalSection(ProjectConfigurationPlatforms) = postSolution
		{7029B961-49FF-4140-B7CD-0569536D9C0F}.Debug|Any CPU.ActiveCfg = Debug|Any CPU
		{7029B961-49FF-4140-B7CD-0569536D9C0F}.Debug|Any CPU.Build.0 = Debug|Any CPU
		{7029B961-49FF-4140-B7CD-0569536D9C0F}.Release|Any CPU.ActiveCfg = Release|Any CPU
		{7029B961-49FF-4140-B7CD-0569536D9C0F}.Release|Any CPU.Build.0 = Release|Any CPU
	EndGlobalSection
	GlobalSection(SolutionProperties) = preSolution
		HideSolutionNode = FALSE
	EndGlobalSection
EndGlobal
